
Microsoft Visual Studio Solution File, Format Version 12.00
# Visual Studio 15
VisualStudioVersion = 15.0.27004.2002
MinimumVisualStudioVersion = 10.0.40219.1
Project("{FAE04EC0-301F-11D3-BF4B-00C04F79EFBC}") = "lab7_1", "lab7_1\lab7_1.csproj", "{8768D3E9-C203-4693-B6A8-196BD9F2A473}"
EndProject
Global
	GlobalSection(SolutionConfigurationPlatforms) = preSolution
		Debug|Any CPU = Debug|Any CPU
		Release|Any CPU = Release|Any CPU
	EndGlobalSection
	GlobalSection(ProjectConfigurationPlatforms) = postSolution
		{8768D3E9-C203-4693-B6A8-196BD9F2A473}.Debug|Any CPU.ActiveCfg = Debug|Any CPU
		{8768D3E9-C203-4693-B6A8-196BD9F2A473}.Debug|Any CPU.Build.0 = Debug|Any CPU
		{8768D3E9-C203-4693-B6A8-196BD9F2A473}.Release|Any CPU.ActiveCfg = Release|Any CPU
		{8768D3E9-C203-4693-B6A8-196BD9F2A473}.Release|Any CPU.Build.0 = Release|Any CPU
	EndGlobalSection
	GlobalSection(SolutionProperties) = preSolution
		HideSolutionNode = FALSE
	EndGlobalSection
	GlobalSection(ExtensibilityGlobals) = postSolution
		SolutionGuid = {EB0D46AB-5426-498C-8170-A5355D2BAF7F}
	EndGlobalSection
EndGlobal
